
Microsoft Visual Studio Solution File, Format Version 10.00
# Visual Studio 2008
Project("{8BC9CEB8-8B4A-11D0-8D11-00A0C91BC942}") = "win32frame", "win32frame.vcproj", "{9C1243C4-E9E7-40DC-88B6-72C75FCCF005}"
EndProject
Global
	GlobalSection(SolutionConfigurationPlatforms) = preSolution
		Debug|Win32 = Debug|Win32
		Release|Win32 = Release|Win32
	EndGlobalSection
	GlobalSection(ProjectConfigurationPlatforms) = postSolution
		{9C1243C4-E9E7-40DC-88B6-72C75FCCF005}.Debug|Win32.ActiveCfg = Debug|Win32
		{9C1243C4-E9E7-40DC-88B6-72C75FCCF005}.Debug|Win32.Build.0 = Debug|Win32
		{9C1243C4-E9E7-40DC-88B6-72C75FCCF005}.Release|Win32.ActiveCfg = Release|Win32
		{9C1243C4-E9E7-40DC-88B6-72C75FCCF005}.Release|Win32.Build.0 = Release|Win32
	EndGlobalSection
	GlobalSection(SolutionProperties) = preSolution
		HideSolutionNode = FALSE
	EndGlobalSection
EndGlobal
